
Microsoft Visual Studio Solution File, Format Version 12.00
# Visual Studio Version 17
VisualStudioVersion = 17.9.34902.65
MinimumVisualStudioVersion = 10.0.40219.1
Project("{FAE04EC0-301F-11D3-BF4B-00C04F79EFBC}") = "PTlab3", "PTlab3\PTlab3.csproj", "{F81BC3E2-F42C-4793-A0AF-B24A793EE303}"
EndProject
Global
	GlobalSection(SolutionConfigurationPlatforms) = preSolution
		Debug|Any CPU = Debug|Any CPU
		Release|Any CPU = Release|Any CPU
	EndGlobalSection
	GlobalSection(ProjectConfigurationPlatforms) = postSolution
		{F81BC3E2-F42C-4793-A0AF-B24A793EE303}.Debug|Any CPU.ActiveCfg = Debug|Any CPU
		{F81BC3E2-F42C-4793-A0AF-B24A793EE303}.Debug|Any CPU.Build.0 = Debug|Any CPU
		{F81BC3E2-F42C-4793-A0AF-B24A793EE303}.Release|Any CPU.ActiveCfg = Release|Any CPU
		{F81BC3E2-F42C-4793-A0AF-B24A793EE303}.Release|Any CPU.Build.0 = Release|Any CPU
	EndGlobalSection
	GlobalSection(SolutionProperties) = preSolution
		HideSolutionNode = FALSE
	EndGlobalSection
	GlobalSection(ExtensibilityGlobals) = postSolution
		SolutionGuid = {E445F7D7-69EA-400A-861C-407481D51FFA}
	EndGlobalSection
EndGlobal
